
Microsoft Visual Studio Solution File, Format Version 12.00
# Visual Studio Version 17
VisualStudioVersion = 17.9.34728.123
MinimumVisualStudioVersion = 10.0.40219.1
Project("{8BC9CEB8-8B4A-11D0-8D11-00A0C91BC942}") = "Task2", "Task2.vcxproj", "{43B92DC7-CF92-497E-A3C3-9CA84612AAFF}"
EndProject
Global
	GlobalSection(SolutionConfigurationPlatforms) = preSolution
		Debug|x64 = Debug|x64
		Debug|x86 = Debug|x86
		Release|x64 = Release|x64
		Release|x86 = Release|x86
	EndGlobalSection
	GlobalSection(ProjectConfigurationPlatforms) = postSolution
		{43B92DC7-CF92-497E-A3C3-9CA84612AAFF}.Debug|x64.ActiveCfg = Debug|x64
		{43B92DC7-CF92-497E-A3C3-9CA84612AAFF}.Debug|x64.Build.0 = Debug|x64
		{43B92DC7-CF92-497E-A3C3-9CA84612AAFF}.Debug|x86.ActiveCfg = Debug|Win32
		{43B92DC7-CF92-497E-A3C3-9CA84612AAFF}.Debug|x86.Build.0 = Debug|Win32
		{43B92DC7-CF92-497E-A3C3-9CA84612AAFF}.Release|x64.ActiveCfg = Release|x64
		{43B92DC7-CF92-497E-A3C3-9CA84612AAFF}.Release|x64.Build.0 = Release|x64
		{43B92DC7-CF92-497E-A3C3-9CA84612AAFF}.Release|x86.ActiveCfg = Release|Win32
		{43B92DC7-CF92-497E-A3C3-9CA84612AAFF}.Release|x86.Build.0 = Release|Win32
	EndGlobalSection
	GlobalSection(SolutionProperties) = preSolution
		HideSolutionNode = FALSE
	EndGlobalSection
	GlobalSection(ExtensibilityGlobals) = postSolution
		SolutionGuid = {AB4DC35E-157F-4079-9069-D106843383B8}
	EndGlobalSection
EndGlobal
